
Microsoft Visual Studio Solution File, Format Version 12.00
# Visual Studio Version 17
VisualStudioVersion = 17.13.36105.23
MinimumVisualStudioVersion = 10.0.40219.1
Project("{2150E333-8FDC-42A3-9474-1A3956D46DE8}") = "Solution Items", "Solution Items", "{02EA681E-C7D8-13C7-8484-4AC65E1B71E8}"
	ProjectSection(SolutionItems) = preProject
		.editorconfig = .editorconfig
		.gitattributes = .gitattributes
		.gitignore = .gitignore
		azure-pipelines.codecoverage.runsettings = azure-pipelines.codecoverage.runsettings
		azure-pipelines.release.yml = azure-pipelines.release.yml
		azure-pipelines.runsettings = azure-pipelines.runsettings
		azure-pipelines.yml = azure-pipelines.yml
		CODE_OF_CONDUCT.md = CODE_OF_CONDUCT.md
		CONTRIBUTING.md = CONTRIBUTING.md
		Directory.Build.props = Directory.Build.props
		en-US_User.dic = en-US_User.dic
		LICENSE = LICENSE
		README.md = README.md
	EndProjectSection
EndProject
Project("{FAE04EC0-301F-11D3-BF4B-00C04F79EFBC}") = "Atata.Testcontainers", "src\Atata.Testcontainers\Atata.Testcontainers.csproj", "{DFCCC046-928E-925C-286D-FAA2CCA889AD}"
EndProject
Project("{FAE04EC0-301F-11D3-BF4B-00C04F79EFBC}") = "Atata.Testcontainers.IntegrationTests", "test\Atata.Testcontainers.IntegrationTests\Atata.Testcontainers.IntegrationTests.csproj", "{2326325A-C434-B155-1D21-934D4C06ADA1}"
EndProject
Global
	GlobalSection(SolutionConfigurationPlatforms) = preSolution
		Debug|Any CPU = Debug|Any CPU
		Release|Any CPU = Release|Any CPU
	EndGlobalSection
	GlobalSection(ProjectConfigurationPlatforms) = postSolution
		{DFCCC046-928E-925C-286D-FAA2CCA889AD}.Debug|Any CPU.ActiveCfg = Debug|Any CPU
		{DFCCC046-928E-925C-286D-FAA2CCA889AD}.Debug|Any CPU.Build.0 = Debug|Any CPU
		{DFCCC046-928E-925C-286D-FAA2CCA889AD}.Release|Any CPU.ActiveCfg = Release|Any CPU
		{DFCCC046-928E-925C-286D-FAA2CCA889AD}.Release|Any CPU.Build.0 = Release|Any CPU
		{2326325A-C434-B155-1D21-934D4C06ADA1}.Debug|Any CPU.ActiveCfg = Debug|Any CPU
		{2326325A-C434-B155-1D21-934D4C06ADA1}.Debug|Any CPU.Build.0 = Debug|Any CPU
		{2326325A-C434-B155-1D21-934D4C06ADA1}.Release|Any CPU.ActiveCfg = Release|Any CPU
		{2326325A-C434-B155-1D21-934D4C06ADA1}.Release|Any CPU.Build.0 = Release|Any CPU
	EndGlobalSection
	GlobalSection(SolutionProperties) = preSolution
		HideSolutionNode = FALSE
	EndGlobalSection
	GlobalSection(ExtensibilityGlobals) = postSolution
		SolutionGuid = {1F886FFB-3BFE-4A01-B575-B718C0FDD69C}
	EndGlobalSection
EndGlobal
